
Microsoft Visual Studio Solution File, Format Version 12.00
# Visual Studio Version 17
VisualStudioVersion = 17.14.36511.14
MinimumVisualStudioVersion = 10.0.40219.1
Project("{54A90642-561A-4BB1-A94E-469ADEE60C69}") = "eventmanager.client", "eventmanager.client\eventmanager.client.esproj", "{490BEF9D-CC05-8077-4CC6-38C8CF3457AB}"
EndProject
Project("{FAE04EC0-301F-11D3-BF4B-00C04F79EFBC}") = "EventManager.Server", "EventManager.Server\EventManager.Server.csproj", "{0FA700D1-7BD0-4DD0-AAF2-172741EA4F22}"
EndProject
Project("{FAE04EC0-301F-11D3-BF4B-00C04F79EFBC}") = "UnitTests", "UnitTests\UnitTests.csproj", "{4EE37BC5-DC1A-4F8F-ADB7-D284A4D6B686}"
EndProject
Global
	GlobalSection(SolutionConfigurationPlatforms) = preSolution
		Debug|Any CPU = Debug|Any CPU
		Release|Any CPU = Release|Any CPU
	EndGlobalSection
	GlobalSection(ProjectConfigurationPlatforms) = postSolution
		{490BEF9D-CC05-8077-4CC6-38C8CF3457AB}.Debug|Any CPU.ActiveCfg = Debug|Any CPU
		{490BEF9D-CC05-8077-4CC6-38C8CF3457AB}.Debug|Any CPU.Build.0 = Debug|Any CPU
		{490BEF9D-CC05-8077-4CC6-38C8CF3457AB}.Debug|Any CPU.Deploy.0 = Debug|Any CPU
		{490BEF9D-CC05-8077-4CC6-38C8CF3457AB}.Release|Any CPU.ActiveCfg = Release|Any CPU
		{490BEF9D-CC05-8077-4CC6-38C8CF3457AB}.Release|Any CPU.Build.0 = Release|Any CPU
		{490BEF9D-CC05-8077-4CC6-38C8CF3457AB}.Release|Any CPU.Deploy.0 = Release|Any CPU
		{0FA700D1-7BD0-4DD0-AAF2-172741EA4F22}.Debug|Any CPU.ActiveCfg = Debug|Any CPU
		{0FA700D1-7BD0-4DD0-AAF2-172741EA4F22}.Debug|Any CPU.Build.0 = Debug|Any CPU
		{0FA700D1-7BD0-4DD0-AAF2-172741EA4F22}.Release|Any CPU.ActiveCfg = Release|Any CPU
		{0FA700D1-7BD0-4DD0-AAF2-172741EA4F22}.Release|Any CPU.Build.0 = Release|Any CPU
		{4EE37BC5-DC1A-4F8F-ADB7-D284A4D6B686}.Debug|Any CPU.ActiveCfg = Debug|Any CPU
		{4EE37BC5-DC1A-4F8F-ADB7-D284A4D6B686}.Debug|Any CPU.Build.0 = Debug|Any CPU
		{4EE37BC5-DC1A-4F8F-ADB7-D284A4D6B686}.Release|Any CPU.ActiveCfg = Release|Any CPU
		{4EE37BC5-DC1A-4F8F-ADB7-D284A4D6B686}.Release|Any CPU.Build.0 = Release|Any CPU
	EndGlobalSection
	GlobalSection(SolutionProperties) = preSolution
		HideSolutionNode = FALSE
	EndGlobalSection
	GlobalSection(ExtensibilityGlobals) = postSolution
		SolutionGuid = {F565A6C3-5533-4551-91B6-C16D731F4F4A}
	EndGlobalSection
EndGlobal
